
Microsoft Visual Studio Solution File, Format Version 12.00
# Visual Studio Version 17
VisualStudioVersion = 17.6.33829.357
MinimumVisualStudioVersion = 10.0.40219.1
Project("{FAE04EC0-301F-11D3-BF4B-00C04F79EFBC}") = "SchoolSystem", "SchoolSystem.csproj", "{5BBC0CBD-59D1-4B0D-81FE-D977A3929A71}"
EndProject
Global
	GlobalSection(SolutionConfigurationPlatforms) = preSolution
		Debug|Any CPU = Debug|Any CPU
		Release|Any CPU = Release|Any CPU
	EndGlobalSection
	GlobalSection(ProjectConfigurationPlatforms) = postSolution
		{5BBC0CBD-59D1-4B0D-81FE-D977A3929A71}.Debug|Any CPU.ActiveCfg = Debug|Any CPU
		{5BBC0CBD-59D1-4B0D-81FE-D977A3929A71}.Debug|Any CPU.Build.0 = Debug|Any CPU
		{5BBC0CBD-59D1-4B0D-81FE-D977A3929A71}.Release|Any CPU.ActiveCfg = Release|Any CPU
		{5BBC0CBD-59D1-4B0D-81FE-D977A3929A71}.Release|Any CPU.Build.0 = Release|Any CPU
	EndGlobalSection
	GlobalSection(SolutionProperties) = preSolution
		HideSolutionNode = FALSE
	EndGlobalSection
	GlobalSection(ExtensibilityGlobals) = postSolution
		SolutionGuid = {9AF364FF-ABC7-4DF9-A7CB-8BEB22D2B61A}
	EndGlobalSection
EndGlobal
